
Microsoft Visual Studio Solution File, Format Version 12.00
# Visual Studio Version 16
VisualStudioVersion = 16.0.33328.57
MinimumVisualStudioVersion = 10.0.40219.1
Project("{9A19103F-16F7-4668-BE54-9A1E7A4F7556}") = "StringCalculator.Core.Tests", "StringCalculator.Core.Tests.csproj", "{D25A88C6-C29C-4891-8194-48518861B39D}"
EndProject
Project("{FAE04EC0-301F-11D3-BF4B-00C04F79EFBC}") = "StringCalculator.Core", "..\StringCalculator.Core\StringCalculator.Core.csproj", "{D7C4E2B0-53D6-4FC1-B8B0-BF48B7D422CC}"
EndProject
Global
	GlobalSection(SolutionConfigurationPlatforms) = preSolution
		Debug|Any CPU = Debug|Any CPU
		Release|Any CPU = Release|Any CPU
	EndGlobalSection
	GlobalSection(ProjectConfigurationPlatforms) = postSolution
		{D25A88C6-C29C-4891-8194-48518861B39D}.Debug|Any CPU.ActiveCfg = Debug|Any CPU
		{D25A88C6-C29C-4891-8194-48518861B39D}.Debug|Any CPU.Build.0 = Debug|Any CPU
		{D25A88C6-C29C-4891-8194-48518861B39D}.Release|Any CPU.ActiveCfg = Release|Any CPU
		{D25A88C6-C29C-4891-8194-48518861B39D}.Release|Any CPU.Build.0 = Release|Any CPU
		{D7C4E2B0-53D6-4FC1-B8B0-BF48B7D422CC}.Debug|Any CPU.ActiveCfg = Debug|Any CPU
		{D7C4E2B0-53D6-4FC1-B8B0-BF48B7D422CC}.Debug|Any CPU.Build.0 = Debug|Any CPU
		{D7C4E2B0-53D6-4FC1-B8B0-BF48B7D422CC}.Release|Any CPU.ActiveCfg = Release|Any CPU
		{D7C4E2B0-53D6-4FC1-B8B0-BF48B7D422CC}.Release|Any CPU.Build.0 = Release|Any CPU
	EndGlobalSection
	GlobalSection(SolutionProperties) = preSolution
		HideSolutionNode = FALSE
	EndGlobalSection
	GlobalSection(ExtensibilityGlobals) = postSolution
		SolutionGuid = {D26F7527-D17C-4834-AFC9-31510CBC3B3E}
	EndGlobalSection
EndGlobal
